
Microsoft Visual Studio Solution File, Format Version 12.00
Project("{FAE04EC0-301F-11D3-BF4B-00C04F79EFBC}") = "Task_1", "Task_1\Task_1.csproj", "{F370E781-D3CC-4EE3-9A5E-EB1F8FB88042}"
EndProject
Project("{FAE04EC0-301F-11D3-BF4B-00C04F79EFBC}") = "Task_2", "Task_2\Task_2.csproj", "{630AD714-0884-4C26-892E-6DF45CB869EA}"
EndProject
Project("{FAE04EC0-301F-11D3-BF4B-00C04F79EFBC}") = "Task3_1", "Task3_1\Task3_1.csproj", "{EDF81EA2-4E12-4B4D-9A22-DF7ABE893475}"
EndProject
Project("{FAE04EC0-301F-11D3-BF4B-00C04F79EFBC}") = "Task_5", "Task_5\Task_5.csproj", "{8881DB3F-6524-4F3B-88FA-CEB11C73FE68}"
EndProject
Project("{FAE04EC0-301F-11D3-BF4B-00C04F79EFBC}") = "Task_8", "Task_8\Task_8.csproj", "{58795B99-869C-4A06-8AA3-E416143E0A3A}"
EndProject
Project("{FAE04EC0-301F-11D3-BF4B-00C04F79EFBC}") = "Task3_2", "Task3_2\Task3_2.csproj", "{448E9A4D-D2E8-49C1-928B-B3DD91A8C238}"
EndProject
Project("{FAE04EC0-301F-11D3-BF4B-00C04F79EFBC}") = "Task3_3", "Task3_3\Task3_3.csproj", "{5841452C-1EA6-45FE-8774-C547D0FCDD0D}"
EndProject
Project("{FAE04EC0-301F-11D3-BF4B-00C04F79EFBC}") = "Task3_4", "Task3_4\Task3_4.csproj", "{7D0C2EF4-0D4B-4808-BB07-6E74E70A1D95}"
EndProject
Project("{FAE04EC0-301F-11D3-BF4B-00C04F79EFBC}") = "Task4_1", "Task4_1\Task4_1.csproj", "{F7837654-AF10-4CA8-B22A-2266CA671C8C}"
EndProject
Project("{FAE04EC0-301F-11D3-BF4B-00C04F79EFBC}") = "Task4_4", "Task4_4\Task4_4.csproj", "{941423FC-0A4A-4933-AF20-2B15DE27FB71}"
EndProject
Project("{FAE04EC0-301F-11D3-BF4B-00C04F79EFBC}") = "Task4_2", "Task4_2\Task4_2.csproj", "{BEA11C73-2580-4117-9616-7E9753E0ED05}"
EndProject
Project("{FAE04EC0-301F-11D3-BF4B-00C04F79EFBC}") = "Task4_3", "Task4_3\Task4_3.csproj", "{51F55EE4-D56A-4D5F-BD73-0BACF56B9264}"
EndProject
Project("{FAE04EC0-301F-11D3-BF4B-00C04F79EFBC}") = "Task_6", "Task_6\Task_6.csproj", "{20F30B55-B231-4491-944C-4E73189FE2A3}"
EndProject
Project("{FAE04EC0-301F-11D3-BF4B-00C04F79EFBC}") = "Task_7", "Task_7\Task_7.csproj", "{CD29F574-620D-46C1-8F6E-6EC5DFF66F6D}"
EndProject
Global
	GlobalSection(SolutionConfigurationPlatforms) = preSolution
		Debug|Any CPU = Debug|Any CPU
		Release|Any CPU = Release|Any CPU
	EndGlobalSection
	GlobalSection(ProjectConfigurationPlatforms) = postSolution
		{F370E781-D3CC-4EE3-9A5E-EB1F8FB88042}.Debug|Any CPU.ActiveCfg = Debug|Any CPU
		{F370E781-D3CC-4EE3-9A5E-EB1F8FB88042}.Debug|Any CPU.Build.0 = Debug|Any CPU
		{F370E781-D3CC-4EE3-9A5E-EB1F8FB88042}.Release|Any CPU.ActiveCfg = Release|Any CPU
		{F370E781-D3CC-4EE3-9A5E-EB1F8FB88042}.Release|Any CPU.Build.0 = Release|Any CPU
		{630AD714-0884-4C26-892E-6DF45CB869EA}.Debug|Any CPU.ActiveCfg = Debug|Any CPU
		{630AD714-0884-4C26-892E-6DF45CB869EA}.Debug|Any CPU.Build.0 = Debug|Any CPU
		{630AD714-0884-4C26-892E-6DF45CB869EA}.Release|Any CPU.ActiveCfg = Release|Any CPU
		{630AD714-0884-4C26-892E-6DF45CB869EA}.Release|Any CPU.Build.0 = Release|Any CPU
		{EDF81EA2-4E12-4B4D-9A22-DF7ABE893475}.Debug|Any CPU.ActiveCfg = Debug|Any CPU
		{EDF81EA2-4E12-4B4D-9A22-DF7ABE893475}.Debug|Any CPU.Build.0 = Debug|Any CPU
		{EDF81EA2-4E12-4B4D-9A22-DF7ABE893475}.Release|Any CPU.ActiveCfg = Release|Any CPU
		{EDF81EA2-4E12-4B4D-9A22-DF7ABE893475}.Release|Any CPU.Build.0 = Release|Any CPU
		{8881DB3F-6524-4F3B-88FA-CEB11C73FE68}.Debug|Any CPU.ActiveCfg = Debug|Any CPU
		{8881DB3F-6524-4F3B-88FA-CEB11C73FE68}.Debug|Any CPU.Build.0 = Debug|Any CPU
		{8881DB3F-6524-4F3B-88FA-CEB11C73FE68}.Release|Any CPU.ActiveCfg = Release|Any CPU
		{8881DB3F-6524-4F3B-88FA-CEB11C73FE68}.Release|Any CPU.Build.0 = Release|Any CPU
		{58795B99-869C-4A06-8AA3-E416143E0A3A}.Debug|Any CPU.ActiveCfg = Debug|Any CPU
		{58795B99-869C-4A06-8AA3-E416143E0A3A}.Debug|Any CPU.Build.0 = Debug|Any CPU
		{58795B99-869C-4A06-8AA3-E416143E0A3A}.Release|Any CPU.ActiveCfg = Release|Any CPU
		{58795B99-869C-4A06-8AA3-E416143E0A3A}.Release|Any CPU.Build.0 = Release|Any CPU
		{448E9A4D-D2E8-49C1-928B-B3DD91A8C238}.Debug|Any CPU.ActiveCfg = Debug|Any CPU
		{448E9A4D-D2E8-49C1-928B-B3DD91A8C238}.Debug|Any CPU.Build.0 = Debug|Any CPU
		{448E9A4D-D2E8-49C1-928B-B3DD91A8C238}.Release|Any CPU.ActiveCfg = Release|Any CPU
		{448E9A4D-D2E8-49C1-928B-B3DD91A8C238}.Release|Any CPU.Build.0 = Release|Any CPU
		{5841452C-1EA6-45FE-8774-C547D0FCDD0D}.Debug|Any CPU.ActiveCfg = Debug|Any CPU
		{5841452C-1EA6-45FE-8774-C547D0FCDD0D}.Debug|Any CPU.Build.0 = Debug|Any CPU
		{5841452C-1EA6-45FE-8774-C547D0FCDD0D}.Release|Any CPU.ActiveCfg = Release|Any CPU
		{5841452C-1EA6-45FE-8774-C547D0FCDD0D}.Release|Any CPU.Build.0 = Release|Any CPU
		{7D0C2EF4-0D4B-4808-BB07-6E74E70A1D95}.Debug|Any CPU.ActiveCfg = Debug|Any CPU
		{7D0C2EF4-0D4B-4808-BB07-6E74E70A1D95}.Debug|Any CPU.Build.0 = Debug|Any CPU
		{7D0C2EF4-0D4B-4808-BB07-6E74E70A1D95}.Release|Any CPU.ActiveCfg = Release|Any CPU
		{7D0C2EF4-0D4B-4808-BB07-6E74E70A1D95}.Release|Any CPU.Build.0 = Release|Any CPU
		{F7837654-AF10-4CA8-B22A-2266CA671C8C}.Debug|Any CPU.ActiveCfg = Debug|Any CPU
		{F7837654-AF10-4CA8-B22A-2266CA671C8C}.Debug|Any CPU.Build.0 = Debug|Any CPU
		{F7837654-AF10-4CA8-B22A-2266CA671C8C}.Release|Any CPU.ActiveCfg = Release|Any CPU
		{F7837654-AF10-4CA8-B22A-2266CA671C8C}.Release|Any CPU.Build.0 = Release|Any CPU
		{941423FC-0A4A-4933-AF20-2B15DE27FB71}.Debug|Any CPU.ActiveCfg = Debug|Any CPU
		{941423FC-0A4A-4933-AF20-2B15DE27FB71}.Debug|Any CPU.Build.0 = Debug|Any CPU
		{941423FC-0A4A-4933-AF20-2B15DE27FB71}.Release|Any CPU.ActiveCfg = Release|Any CPU
		{941423FC-0A4A-4933-AF20-2B15DE27FB71}.Release|Any CPU.Build.0 = Release|Any CPU
		{BEA11C73-2580-4117-9616-7E9753E0ED05}.Debug|Any CPU.ActiveCfg = Debug|Any CPU
		{BEA11C73-2580-4117-9616-7E9753E0ED05}.Debug|Any CPU.Build.0 = Debug|Any CPU
		{BEA11C73-2580-4117-9616-7E9753E0ED05}.Release|Any CPU.ActiveCfg = Release|Any CPU
		{BEA11C73-2580-4117-9616-7E9753E0ED05}.Release|Any CPU.Build.0 = Release|Any CPU
		{51F55EE4-D56A-4D5F-BD73-0BACF56B9264}.Debug|Any CPU.ActiveCfg = Debug|Any CPU
		{51F55EE4-D56A-4D5F-BD73-0BACF56B9264}.Debug|Any CPU.Build.0 = Debug|Any CPU
		{51F55EE4-D56A-4D5F-BD73-0BACF56B9264}.Release|Any CPU.ActiveCfg = Release|Any CPU
		{51F55EE4-D56A-4D5F-BD73-0BACF56B9264}.Release|Any CPU.Build.0 = Release|Any CPU
		{20F30B55-B231-4491-944C-4E73189FE2A3}.Debug|Any CPU.ActiveCfg = Debug|Any CPU
		{20F30B55-B231-4491-944C-4E73189FE2A3}.Debug|Any CPU.Build.0 = Debug|Any CPU
		{20F30B55-B231-4491-944C-4E73189FE2A3}.Release|Any CPU.ActiveCfg = Release|Any CPU
		{20F30B55-B231-4491-944C-4E73189FE2A3}.Release|Any CPU.Build.0 = Release|Any CPU
		{CD29F574-620D-46C1-8F6E-6EC5DFF66F6D}.Debug|Any CPU.ActiveCfg = Debug|Any CPU
		{CD29F574-620D-46C1-8F6E-6EC5DFF66F6D}.Debug|Any CPU.Build.0 = Debug|Any CPU
		{CD29F574-620D-46C1-8F6E-6EC5DFF66F6D}.Release|Any CPU.ActiveCfg = Release|Any CPU
		{CD29F574-620D-46C1-8F6E-6EC5DFF66F6D}.Release|Any CPU.Build.0 = Release|Any CPU
	EndGlobalSection
EndGlobal
