
Microsoft Visual Studio Solution File, Format Version 12.00
Project("{FAE04EC0-301F-11D3-BF4B-00C04F79EFBC}") = "Task_1", "Task_1\Task_1.csproj", "{F0D13B2C-D286-4EFC-8C6D-4F544330FF23}"
EndProject
Project("{FAE04EC0-301F-11D3-BF4B-00C04F79EFBC}") = "Task_2", "Task_2\Task_2.csproj", "{EC576230-9564-49EE-9C5A-0822DD0F4A08}"
EndProject
Project("{FAE04EC0-301F-11D3-BF4B-00C04F79EFBC}") = "Task_3", "Task_3\Task_3.csproj", "{3968669E-61A3-4028-A3CD-3560C5AC381B}"
EndProject
Project("{FAE04EC0-301F-11D3-BF4B-00C04F79EFBC}") = "Task_4", "Task_4\Task_4.csproj", "{BE219590-C1A2-415C-95CE-26DBDED631AC}"
EndProject
Project("{FAE04EC0-301F-11D3-BF4B-00C04F79EFBC}") = "Task_5", "Task_5\Task_5.csproj", "{590DB894-B47C-46D1-BDF7-931963EC2368}"
EndProject
Project("{FAE04EC0-301F-11D3-BF4B-00C04F79EFBC}") = "Task_6", "Task_6\Task_6.csproj", "{9B490336-C224-47AC-870F-0641A6021467}"
EndProject
Project("{FAE04EC0-301F-11D3-BF4B-00C04F79EFBC}") = "Task_7", "Task_7\Task_7.csproj", "{4D1A547E-D733-4420-972A-FB41D1504054}"
EndProject
Project("{FAE04EC0-301F-11D3-BF4B-00C04F79EFBC}") = "Task_8", "Task_8\Task_8.csproj", "{D72BFEDE-1478-4D59-BB48-1A007A8346F5}"
EndProject
Project("{FAE04EC0-301F-11D3-BF4B-00C04F79EFBC}") = "Task_9", "Task_9\Task_9.csproj", "{254FE68C-9EC4-4552-B710-265326D4D181}"
EndProject
Global
	GlobalSection(SolutionConfigurationPlatforms) = preSolution
		Debug|Any CPU = Debug|Any CPU
		Release|Any CPU = Release|Any CPU
	EndGlobalSection
	GlobalSection(ProjectConfigurationPlatforms) = postSolution
		{F0D13B2C-D286-4EFC-8C6D-4F544330FF23}.Debug|Any CPU.ActiveCfg = Debug|Any CPU
		{F0D13B2C-D286-4EFC-8C6D-4F544330FF23}.Debug|Any CPU.Build.0 = Debug|Any CPU
		{F0D13B2C-D286-4EFC-8C6D-4F544330FF23}.Release|Any CPU.ActiveCfg = Release|Any CPU
		{F0D13B2C-D286-4EFC-8C6D-4F544330FF23}.Release|Any CPU.Build.0 = Release|Any CPU
		{EC576230-9564-49EE-9C5A-0822DD0F4A08}.Debug|Any CPU.ActiveCfg = Debug|Any CPU
		{EC576230-9564-49EE-9C5A-0822DD0F4A08}.Debug|Any CPU.Build.0 = Debug|Any CPU
		{EC576230-9564-49EE-9C5A-0822DD0F4A08}.Release|Any CPU.ActiveCfg = Release|Any CPU
		{EC576230-9564-49EE-9C5A-0822DD0F4A08}.Release|Any CPU.Build.0 = Release|Any CPU
		{3968669E-61A3-4028-A3CD-3560C5AC381B}.Debug|Any CPU.ActiveCfg = Debug|Any CPU
		{3968669E-61A3-4028-A3CD-3560C5AC381B}.Debug|Any CPU.Build.0 = Debug|Any CPU
		{3968669E-61A3-4028-A3CD-3560C5AC381B}.Release|Any CPU.ActiveCfg = Release|Any CPU
		{3968669E-61A3-4028-A3CD-3560C5AC381B}.Release|Any CPU.Build.0 = Release|Any CPU
		{BE219590-C1A2-415C-95CE-26DBDED631AC}.Debug|Any CPU.ActiveCfg = Debug|Any CPU
		{BE219590-C1A2-415C-95CE-26DBDED631AC}.Debug|Any CPU.Build.0 = Debug|Any CPU
		{BE219590-C1A2-415C-95CE-26DBDED631AC}.Release|Any CPU.ActiveCfg = Release|Any CPU
		{BE219590-C1A2-415C-95CE-26DBDED631AC}.Release|Any CPU.Build.0 = Release|Any CPU
		{590DB894-B47C-46D1-BDF7-931963EC2368}.Debug|Any CPU.ActiveCfg = Debug|Any CPU
		{590DB894-B47C-46D1-BDF7-931963EC2368}.Debug|Any CPU.Build.0 = Debug|Any CPU
		{590DB894-B47C-46D1-BDF7-931963EC2368}.Release|Any CPU.ActiveCfg = Release|Any CPU
		{590DB894-B47C-46D1-BDF7-931963EC2368}.Release|Any CPU.Build.0 = Release|Any CPU
		{9B490336-C224-47AC-870F-0641A6021467}.Debug|Any CPU.ActiveCfg = Debug|Any CPU
		{9B490336-C224-47AC-870F-0641A6021467}.Debug|Any CPU.Build.0 = Debug|Any CPU
		{9B490336-C224-47AC-870F-0641A6021467}.Release|Any CPU.ActiveCfg = Release|Any CPU
		{9B490336-C224-47AC-870F-0641A6021467}.Release|Any CPU.Build.0 = Release|Any CPU
		{4D1A547E-D733-4420-972A-FB41D1504054}.Debug|Any CPU.ActiveCfg = Debug|Any CPU
		{4D1A547E-D733-4420-972A-FB41D1504054}.Debug|Any CPU.Build.0 = Debug|Any CPU
		{4D1A547E-D733-4420-972A-FB41D1504054}.Release|Any CPU.ActiveCfg = Release|Any CPU
		{4D1A547E-D733-4420-972A-FB41D1504054}.Release|Any CPU.Build.0 = Release|Any CPU
		{D72BFEDE-1478-4D59-BB48-1A007A8346F5}.Debug|Any CPU.ActiveCfg = Debug|Any CPU
		{D72BFEDE-1478-4D59-BB48-1A007A8346F5}.Debug|Any CPU.Build.0 = Debug|Any CPU
		{D72BFEDE-1478-4D59-BB48-1A007A8346F5}.Release|Any CPU.ActiveCfg = Release|Any CPU
		{D72BFEDE-1478-4D59-BB48-1A007A8346F5}.Release|Any CPU.Build.0 = Release|Any CPU
		{254FE68C-9EC4-4552-B710-265326D4D181}.Debug|Any CPU.ActiveCfg = Debug|Any CPU
		{254FE68C-9EC4-4552-B710-265326D4D181}.Debug|Any CPU.Build.0 = Debug|Any CPU
		{254FE68C-9EC4-4552-B710-265326D4D181}.Release|Any CPU.ActiveCfg = Release|Any CPU
		{254FE68C-9EC4-4552-B710-265326D4D181}.Release|Any CPU.Build.0 = Release|Any CPU
	EndGlobalSection
EndGlobal
