
Microsoft Visual Studio Solution File, Format Version 12.00
Project("{FAE04EC0-301F-11D3-BF4B-00C04F79EFBC}") = "Task_1", "Task_1\Task_1.csproj", "{91E5B240-9768-4ADA-ADCD-E96B96C344D4}"
EndProject
Project("{FAE04EC0-301F-11D3-BF4B-00C04F79EFBC}") = "Task_2", "Task_2\Task_2.csproj", "{C9B10829-9342-40D5-95AB-7C60E573EC60}"
EndProject
Project("{FAE04EC0-301F-11D3-BF4B-00C04F79EFBC}") = "Task_3", "Task_3\Task_3.csproj", "{B32B87CE-DD14-49FF-B19C-1290A94E2B0A}"
EndProject
Project("{FAE04EC0-301F-11D3-BF4B-00C04F79EFBC}") = "Task_4", "Task_4\Task_4.csproj", "{1C5DABCC-2D61-4C28-A723-E658A8A96CB4}"
EndProject
Project("{FAE04EC0-301F-11D3-BF4B-00C04F79EFBC}") = "Task_5", "Task_5\Task_5.csproj", "{9F4056CA-48C5-425C-B65B-997665AA44CF}"
EndProject
Project("{FAE04EC0-301F-11D3-BF4B-00C04F79EFBC}") = "Task_6", "Task_6\Task_6.csproj", "{C682E2EB-9EDA-4AFD-A238-73A7950E0E37}"
EndProject
Project("{FAE04EC0-301F-11D3-BF4B-00C04F79EFBC}") = "Task_7", "Task_7\Task_7.csproj", "{9A8D6DB0-AB9F-479A-A334-A7C0BAFBA98A}"
EndProject
Project("{FAE04EC0-301F-11D3-BF4B-00C04F79EFBC}") = "Task_8", "Task_8\Task_8.csproj", "{41901E23-CACD-4060-A710-3B5095DACDB4}"
EndProject
Project("{FAE04EC0-301F-11D3-BF4B-00C04F79EFBC}") = "Task_9", "Task_9\Task_9.csproj", "{404729D8-985B-45D4-B173-E5FDD28ED479}"
EndProject
Global
	GlobalSection(SolutionConfigurationPlatforms) = preSolution
		Debug|Any CPU = Debug|Any CPU
		Release|Any CPU = Release|Any CPU
	EndGlobalSection
	GlobalSection(ProjectConfigurationPlatforms) = postSolution
		{91E5B240-9768-4ADA-ADCD-E96B96C344D4}.Debug|Any CPU.ActiveCfg = Debug|Any CPU
		{91E5B240-9768-4ADA-ADCD-E96B96C344D4}.Debug|Any CPU.Build.0 = Debug|Any CPU
		{91E5B240-9768-4ADA-ADCD-E96B96C344D4}.Release|Any CPU.ActiveCfg = Release|Any CPU
		{91E5B240-9768-4ADA-ADCD-E96B96C344D4}.Release|Any CPU.Build.0 = Release|Any CPU
		{C9B10829-9342-40D5-95AB-7C60E573EC60}.Debug|Any CPU.ActiveCfg = Debug|Any CPU
		{C9B10829-9342-40D5-95AB-7C60E573EC60}.Debug|Any CPU.Build.0 = Debug|Any CPU
		{C9B10829-9342-40D5-95AB-7C60E573EC60}.Release|Any CPU.ActiveCfg = Release|Any CPU
		{C9B10829-9342-40D5-95AB-7C60E573EC60}.Release|Any CPU.Build.0 = Release|Any CPU
		{B32B87CE-DD14-49FF-B19C-1290A94E2B0A}.Debug|Any CPU.ActiveCfg = Debug|Any CPU
		{B32B87CE-DD14-49FF-B19C-1290A94E2B0A}.Debug|Any CPU.Build.0 = Debug|Any CPU
		{B32B87CE-DD14-49FF-B19C-1290A94E2B0A}.Release|Any CPU.ActiveCfg = Release|Any CPU
		{B32B87CE-DD14-49FF-B19C-1290A94E2B0A}.Release|Any CPU.Build.0 = Release|Any CPU
		{1C5DABCC-2D61-4C28-A723-E658A8A96CB4}.Debug|Any CPU.ActiveCfg = Debug|Any CPU
		{1C5DABCC-2D61-4C28-A723-E658A8A96CB4}.Debug|Any CPU.Build.0 = Debug|Any CPU
		{1C5DABCC-2D61-4C28-A723-E658A8A96CB4}.Release|Any CPU.ActiveCfg = Release|Any CPU
		{1C5DABCC-2D61-4C28-A723-E658A8A96CB4}.Release|Any CPU.Build.0 = Release|Any CPU
		{9F4056CA-48C5-425C-B65B-997665AA44CF}.Debug|Any CPU.ActiveCfg = Debug|Any CPU
		{9F4056CA-48C5-425C-B65B-997665AA44CF}.Debug|Any CPU.Build.0 = Debug|Any CPU
		{9F4056CA-48C5-425C-B65B-997665AA44CF}.Release|Any CPU.ActiveCfg = Release|Any CPU
		{9F4056CA-48C5-425C-B65B-997665AA44CF}.Release|Any CPU.Build.0 = Release|Any CPU
		{C682E2EB-9EDA-4AFD-A238-73A7950E0E37}.Debug|Any CPU.ActiveCfg = Debug|Any CPU
		{C682E2EB-9EDA-4AFD-A238-73A7950E0E37}.Debug|Any CPU.Build.0 = Debug|Any CPU
		{C682E2EB-9EDA-4AFD-A238-73A7950E0E37}.Release|Any CPU.ActiveCfg = Release|Any CPU
		{C682E2EB-9EDA-4AFD-A238-73A7950E0E37}.Release|Any CPU.Build.0 = Release|Any CPU
		{9A8D6DB0-AB9F-479A-A334-A7C0BAFBA98A}.Debug|Any CPU.ActiveCfg = Debug|Any CPU
		{9A8D6DB0-AB9F-479A-A334-A7C0BAFBA98A}.Debug|Any CPU.Build.0 = Debug|Any CPU
		{9A8D6DB0-AB9F-479A-A334-A7C0BAFBA98A}.Release|Any CPU.ActiveCfg = Release|Any CPU
		{9A8D6DB0-AB9F-479A-A334-A7C0BAFBA98A}.Release|Any CPU.Build.0 = Release|Any CPU
		{41901E23-CACD-4060-A710-3B5095DACDB4}.Debug|Any CPU.ActiveCfg = Debug|Any CPU
		{41901E23-CACD-4060-A710-3B5095DACDB4}.Debug|Any CPU.Build.0 = Debug|Any CPU
		{41901E23-CACD-4060-A710-3B5095DACDB4}.Release|Any CPU.ActiveCfg = Release|Any CPU
		{41901E23-CACD-4060-A710-3B5095DACDB4}.Release|Any CPU.Build.0 = Release|Any CPU
		{404729D8-985B-45D4-B173-E5FDD28ED479}.Debug|Any CPU.ActiveCfg = Debug|Any CPU
		{404729D8-985B-45D4-B173-E5FDD28ED479}.Debug|Any CPU.Build.0 = Debug|Any CPU
		{404729D8-985B-45D4-B173-E5FDD28ED479}.Release|Any CPU.ActiveCfg = Release|Any CPU
		{404729D8-985B-45D4-B173-E5FDD28ED479}.Release|Any CPU.Build.0 = Release|Any CPU
	EndGlobalSection
EndGlobal
