
Microsoft Visual Studio Solution File, Format Version 12.00
# Visual Studio Version 17
VisualStudioVersion = 17.5.33516.290
MinimumVisualStudioVersion = 10.0.40219.1
Project("{FAE04EC0-301F-11D3-BF4B-00C04F79EFBC}") = "Task_1", "Task_1\Task_1.csproj", "{AEBA3F8B-29BD-41F3-AA89-A646DDADB192}"
EndProject
Project("{FAE04EC0-301F-11D3-BF4B-00C04F79EFBC}") = "Task_3", "Task_3\Task_3.csproj", "{04F37A65-C1DF-4705-9101-08D27230AA8E}"
EndProject
Project("{FAE04EC0-301F-11D3-BF4B-00C04F79EFBC}") = "Task_4", "Task_4\Task_4.csproj", "{7BB5E8FA-17D6-4CAC-88DB-6E1526076215}"
EndProject
Project("{FAE04EC0-301F-11D3-BF4B-00C04F79EFBC}") = "Task_2", "Task_2\Task_2.csproj", "{CF167747-E0F2-42E1-AE39-02AB0BB8FA5E}"
EndProject
Project("{FAE04EC0-301F-11D3-BF4B-00C04F79EFBC}") = "Task_5", "Task_5\Task_5.csproj", "{9EA8CF34-97CB-4733-A544-7B510B999547}"
EndProject
Project("{FAE04EC0-301F-11D3-BF4B-00C04F79EFBC}") = "Task_6", "Task_6\Task_6.csproj", "{22DA89D2-9517-440C-8C53-0E7D5E144C3A}"
EndProject
Project("{FAE04EC0-301F-11D3-BF4B-00C04F79EFBC}") = "Task_7", "Task_7\Task_7.csproj", "{E2E3FFDB-A6B1-455C-844D-C262266E5E93}"
EndProject
Project("{FAE04EC0-301F-11D3-BF4B-00C04F79EFBC}") = "Task_8", "Task_8\Task_8.csproj", "{BF80DBB8-4003-4884-8DDE-B4F1851879C0}"
EndProject
Project("{FAE04EC0-301F-11D3-BF4B-00C04F79EFBC}") = "Task_9", "Task_9\Task_9.csproj", "{CAEEDD97-947C-4DCC-A245-F2EAE0DF22A8}"
EndProject
Project("{FAE04EC0-301F-11D3-BF4B-00C04F79EFBC}") = "Task_10", "Task_10\Task_10.csproj", "{29E5E989-4614-44FF-B5B2-D6A4C523F4DA}"
EndProject
Project("{FAE04EC0-301F-11D3-BF4B-00C04F79EFBC}") = "Task_11", "Task_11\Task_11.csproj", "{A34D4098-B095-4D3D-90CD-364BA730E051}"
EndProject
Project("{FAE04EC0-301F-11D3-BF4B-00C04F79EFBC}") = "Task_12", "Task_12\Task_12.csproj", "{9CAA32F4-5FF5-49B2-8F23-CB8FAAEAE0CA}"
EndProject
Project("{FAE04EC0-301F-11D3-BF4B-00C04F79EFBC}") = "Task_13", "Task_13\Task_13.csproj", "{554F9B36-2651-4F29-99AF-C7C7AAA1CC87}"
EndProject
Project("{FAE04EC0-301F-11D3-BF4B-00C04F79EFBC}") = "Task_14", "Task_14\Task_14.csproj", "{37C423B9-DC2B-4117-9A21-06700D858416}"
EndProject
Global
	GlobalSection(SolutionConfigurationPlatforms) = preSolution
		Debug|Any CPU = Debug|Any CPU
		Release|Any CPU = Release|Any CPU
	EndGlobalSection
	GlobalSection(ProjectConfigurationPlatforms) = postSolution
		{AEBA3F8B-29BD-41F3-AA89-A646DDADB192}.Debug|Any CPU.ActiveCfg = Debug|Any CPU
		{AEBA3F8B-29BD-41F3-AA89-A646DDADB192}.Debug|Any CPU.Build.0 = Debug|Any CPU
		{AEBA3F8B-29BD-41F3-AA89-A646DDADB192}.Release|Any CPU.ActiveCfg = Release|Any CPU
		{AEBA3F8B-29BD-41F3-AA89-A646DDADB192}.Release|Any CPU.Build.0 = Release|Any CPU
		{04F37A65-C1DF-4705-9101-08D27230AA8E}.Debug|Any CPU.ActiveCfg = Debug|Any CPU
		{04F37A65-C1DF-4705-9101-08D27230AA8E}.Debug|Any CPU.Build.0 = Debug|Any CPU
		{04F37A65-C1DF-4705-9101-08D27230AA8E}.Release|Any CPU.ActiveCfg = Release|Any CPU
		{04F37A65-C1DF-4705-9101-08D27230AA8E}.Release|Any CPU.Build.0 = Release|Any CPU
		{7BB5E8FA-17D6-4CAC-88DB-6E1526076215}.Debug|Any CPU.ActiveCfg = Debug|Any CPU
		{7BB5E8FA-17D6-4CAC-88DB-6E1526076215}.Debug|Any CPU.Build.0 = Debug|Any CPU
		{7BB5E8FA-17D6-4CAC-88DB-6E1526076215}.Release|Any CPU.ActiveCfg = Release|Any CPU
		{7BB5E8FA-17D6-4CAC-88DB-6E1526076215}.Release|Any CPU.Build.0 = Release|Any CPU
		{CF167747-E0F2-42E1-AE39-02AB0BB8FA5E}.Debug|Any CPU.ActiveCfg = Debug|Any CPU
		{CF167747-E0F2-42E1-AE39-02AB0BB8FA5E}.Debug|Any CPU.Build.0 = Debug|Any CPU
		{CF167747-E0F2-42E1-AE39-02AB0BB8FA5E}.Release|Any CPU.ActiveCfg = Release|Any CPU
		{CF167747-E0F2-42E1-AE39-02AB0BB8FA5E}.Release|Any CPU.Build.0 = Release|Any CPU
		{9EA8CF34-97CB-4733-A544-7B510B999547}.Debug|Any CPU.ActiveCfg = Debug|Any CPU
		{9EA8CF34-97CB-4733-A544-7B510B999547}.Debug|Any CPU.Build.0 = Debug|Any CPU
		{9EA8CF34-97CB-4733-A544-7B510B999547}.Release|Any CPU.ActiveCfg = Release|Any CPU
		{9EA8CF34-97CB-4733-A544-7B510B999547}.Release|Any CPU.Build.0 = Release|Any CPU
		{22DA89D2-9517-440C-8C53-0E7D5E144C3A}.Debug|Any CPU.ActiveCfg = Debug|Any CPU
		{22DA89D2-9517-440C-8C53-0E7D5E144C3A}.Debug|Any CPU.Build.0 = Debug|Any CPU
		{22DA89D2-9517-440C-8C53-0E7D5E144C3A}.Release|Any CPU.ActiveCfg = Release|Any CPU
		{22DA89D2-9517-440C-8C53-0E7D5E144C3A}.Release|Any CPU.Build.0 = Release|Any CPU
		{E2E3FFDB-A6B1-455C-844D-C262266E5E93}.Debug|Any CPU.ActiveCfg = Debug|Any CPU
		{E2E3FFDB-A6B1-455C-844D-C262266E5E93}.Debug|Any CPU.Build.0 = Debug|Any CPU
		{E2E3FFDB-A6B1-455C-844D-C262266E5E93}.Release|Any CPU.ActiveCfg = Release|Any CPU
		{E2E3FFDB-A6B1-455C-844D-C262266E5E93}.Release|Any CPU.Build.0 = Release|Any CPU
		{BF80DBB8-4003-4884-8DDE-B4F1851879C0}.Debug|Any CPU.ActiveCfg = Debug|Any CPU
		{BF80DBB8-4003-4884-8DDE-B4F1851879C0}.Debug|Any CPU.Build.0 = Debug|Any CPU
		{BF80DBB8-4003-4884-8DDE-B4F1851879C0}.Release|Any CPU.ActiveCfg = Release|Any CPU
		{BF80DBB8-4003-4884-8DDE-B4F1851879C0}.Release|Any CPU.Build.0 = Release|Any CPU
		{CAEEDD97-947C-4DCC-A245-F2EAE0DF22A8}.Debug|Any CPU.ActiveCfg = Debug|Any CPU
		{CAEEDD97-947C-4DCC-A245-F2EAE0DF22A8}.Debug|Any CPU.Build.0 = Debug|Any CPU
		{CAEEDD97-947C-4DCC-A245-F2EAE0DF22A8}.Release|Any CPU.ActiveCfg = Release|Any CPU
		{CAEEDD97-947C-4DCC-A245-F2EAE0DF22A8}.Release|Any CPU.Build.0 = Release|Any CPU
		{29E5E989-4614-44FF-B5B2-D6A4C523F4DA}.Debug|Any CPU.ActiveCfg = Debug|Any CPU
		{29E5E989-4614-44FF-B5B2-D6A4C523F4DA}.Debug|Any CPU.Build.0 = Debug|Any CPU
		{29E5E989-4614-44FF-B5B2-D6A4C523F4DA}.Release|Any CPU.ActiveCfg = Release|Any CPU
		{29E5E989-4614-44FF-B5B2-D6A4C523F4DA}.Release|Any CPU.Build.0 = Release|Any CPU
		{A34D4098-B095-4D3D-90CD-364BA730E051}.Debug|Any CPU.ActiveCfg = Debug|Any CPU
		{A34D4098-B095-4D3D-90CD-364BA730E051}.Debug|Any CPU.Build.0 = Debug|Any CPU
		{A34D4098-B095-4D3D-90CD-364BA730E051}.Release|Any CPU.ActiveCfg = Release|Any CPU
		{A34D4098-B095-4D3D-90CD-364BA730E051}.Release|Any CPU.Build.0 = Release|Any CPU
		{9CAA32F4-5FF5-49B2-8F23-CB8FAAEAE0CA}.Debug|Any CPU.ActiveCfg = Debug|Any CPU
		{9CAA32F4-5FF5-49B2-8F23-CB8FAAEAE0CA}.Debug|Any CPU.Build.0 = Debug|Any CPU
		{9CAA32F4-5FF5-49B2-8F23-CB8FAAEAE0CA}.Release|Any CPU.ActiveCfg = Release|Any CPU
		{9CAA32F4-5FF5-49B2-8F23-CB8FAAEAE0CA}.Release|Any CPU.Build.0 = Release|Any CPU
		{554F9B36-2651-4F29-99AF-C7C7AAA1CC87}.Debug|Any CPU.ActiveCfg = Debug|Any CPU
		{554F9B36-2651-4F29-99AF-C7C7AAA1CC87}.Debug|Any CPU.Build.0 = Debug|Any CPU
		{554F9B36-2651-4F29-99AF-C7C7AAA1CC87}.Release|Any CPU.ActiveCfg = Release|Any CPU
		{554F9B36-2651-4F29-99AF-C7C7AAA1CC87}.Release|Any CPU.Build.0 = Release|Any CPU
		{37C423B9-DC2B-4117-9A21-06700D858416}.Debug|Any CPU.ActiveCfg = Debug|Any CPU
		{37C423B9-DC2B-4117-9A21-06700D858416}.Debug|Any CPU.Build.0 = Debug|Any CPU
		{37C423B9-DC2B-4117-9A21-06700D858416}.Release|Any CPU.ActiveCfg = Release|Any CPU
		{37C423B9-DC2B-4117-9A21-06700D858416}.Release|Any CPU.Build.0 = Release|Any CPU
	EndGlobalSection
	GlobalSection(SolutionProperties) = preSolution
		HideSolutionNode = FALSE
	EndGlobalSection
	GlobalSection(ExtensibilityGlobals) = postSolution
		SolutionGuid = {6F5B6A6B-3F57-4672-A8F5-36AC955551D0}
	EndGlobalSection
EndGlobal
